// !$*UTF8*$!
{
	archiveVersion = 1;
	classes = {
	};
	objectVersion = 53;
	objects = {

/* Begin PBXBuildFile section */
		490F5D0624344CD2003AE5E8 /* AppDelegate.swift in Sources */ = {isa = PBXBuildFile; fileRef = 490F5D0524344CD2003AE5E8 /* AppDelegate.swift */; };
		490F5D0A24344CD2003AE5E8 /* ARViewController.swift in Sources */ = {isa = PBXBuildFile; fileRef = 490F5D0924344CD2003AE5E8 /* ARViewController.swift */; };
		490F5D0C24344CD2003AE5E8 /* ImageViewController.swift in Sources */ = {isa = PBXBuildFile; fileRef = 490F5D0B24344CD2003AE5E8 /* ImageViewController.swift */; };
		490F5D0F24344CD2003AE5E8 /* Main.storyboard in Resources */ = {isa = PBXBuildFile; fileRef = 490F5D0D24344CD2003AE5E8 /* Main.storyboard */; };
		490F5D1124344CD6003AE5E8 /* Assets.xcassets in Resources */ = {isa = PBXBuildFile; fileRef = 490F5D1024344CD6003AE5E8 /* Assets.xcassets */; };
		490F5D1424344CD6003AE5E8 /* LaunchScreen.storyboard in Resources */ = {isa = PBXBuildFile; fileRef = 490F5D1224344CD6003AE5E8 /* LaunchScreen.storyboard */; };
		490F5D1D2434695E003AE5E8 /* RoundedButton.swift in Sources */ = {isa = PBXBuildFile; fileRef = 490F5D1C2434695E003AE5E8 /* RoundedButton.swift */; };
		490F5D1F243469B2003AE5E8 /* Constants.swift in Sources */ = {isa = PBXBuildFile; fileRef = 490F5D1E243469B2003AE5E8 /* Constants.swift */; };
		490F5D222434FCAA003AE5E8 /* ImagePicker.swift in Sources */ = {isa = PBXBuildFile; fileRef = 490F5D212434FCAA003AE5E8 /* ImagePicker.swift */; };
		490F5D2424350F3A003AE5E8 /* ImageTableViewCell.swift in Sources */ = {isa = PBXBuildFile; fileRef = 490F5D2324350F3A003AE5E8 /* ImageTableViewCell.swift */; };
		490F5D272435140E003AE5E8 /* UIImage+Extension.swift in Sources */ = {isa = PBXBuildFile; fileRef = 490F5D262435140E003AE5E8 /* UIImage+Extension.swift */; };
		490F5D29243514CF003AE5E8 /* SceneDelegate.swift in Sources */ = {isa = PBXBuildFile; fileRef = 490F5D28243514CF003AE5E8 /* SceneDelegate.swift */; };
		490F5D2B24351939003AE5E8 /* UITableView+Ext.swift in Sources */ = {isa = PBXBuildFile; fileRef = 490F5D2A24351939003AE5E8 /* UITableView+Ext.swift */; };
		490F5D2E2435209D003AE5E8 /* VehicleDetector.mlmodel in Sources */ = {isa = PBXBuildFile; fileRef = 490F5D2D2435209D003AE5E8 /* VehicleDetector.mlmodel */; };
		490F5D30243521EE003AE5E8 /* VehicleRecognizer.swift in Sources */ = {isa = PBXBuildFile; fileRef = 490F5D2F243521EE003AE5E8 /* VehicleRecognizer.swift */; };
		490F5D3624353F2B003AE5E8 /* ImageCell.swift in Sources */ = {isa = PBXBuildFile; fileRef = 490F5D3524353F2B003AE5E8 /* ImageCell.swift */; };
		490F5D3924354236003AE5E8 /* VehicleObject.swift in Sources */ = {isa = PBXBuildFile; fileRef = 490F5D3824354236003AE5E8 /* VehicleObject.swift */; };
		490F5D3B2435697C003AE5E8 /* ThresholdProvider.swift in Sources */ = {isa = PBXBuildFile; fileRef = 490F5D3A2435697C003AE5E8 /* ThresholdProvider.swift */; };
		490F5D3D24356A39003AE5E8 /* BoundingBoxes.swift in Sources */ = {isa = PBXBuildFile; fileRef = 490F5D3C24356A39003AE5E8 /* BoundingBoxes.swift */; };
		490F5D3F2435808B003AE5E8 /* ImageView.swift in Sources */ = {isa = PBXBuildFile; fileRef = 490F5D3E2435808B003AE5E8 /* ImageView.swift */; };
		490F5D4124359B8C003AE5E8 /* VideoCapture.swift in Sources */ = {isa = PBXBuildFile; fileRef = 490F5D4024359B8C003AE5E8 /* VideoCapture.swift */; };
		490F5D432435A18A003AE5E8 /* BoundingBoxView.swift in Sources */ = {isa = PBXBuildFile; fileRef = 490F5D422435A18A003AE5E8 /* BoundingBoxView.swift */; };
/* End PBXBuildFile section */

/* Begin PBXFileReference section */
		490F5D0224344CD2003AE5E8 /* Vehicle Detector.app */ = {isa = PBXFileReference; explicitFileType = wrapper.application; includeInIndex = 0; path = "Vehicle Detector.app"; sourceTree = BUILT_PRODUCTS_DIR; };
		490F5D0524344CD2003AE5E8 /* AppDelegate.swift */ = {isa = PBXFileReference; lastKnownFileType = sourcecode.swift; path = AppDelegate.swift; sourceTree = "<group>"; };
		490F5D0924344CD2003AE5E8 /* ARViewController.swift */ = {isa = PBXFileReference; lastKnownFileType = sourcecode.swift; path = ARViewController.swift; sourceTree = "<group>"; };
		490F5D0B24344CD2003AE5E8 /* ImageViewController.swift */ = {isa = PBXFileReference; lastKnownFileType = sourcecode.swift; path = ImageViewController.swift; sourceTree = "<group>"; };
		490F5D0E24344CD2003AE5E8 /* Base */ = {isa = PBXFileReference; lastKnownFileType = file.storyboard; name = Base; path = Base.lproj/Main.storyboard; sourceTree = "<group>"; };
		490F5D1024344CD6003AE5E8 /* Assets.xcassets */ = {isa = PBXFileReference; lastKnownFileType = folder.assetcatalog; path = Assets.xcassets; sourceTree = "<group>"; };
		490F5D1324344CD6003AE5E8 /* Base */ = {isa = PBXFileReference; lastKnownFileType = file.storyboard; name = Base; path = Base.lproj/LaunchScreen.storyboard; sourceTree = "<group>"; };
		490F5D1524344CD6003AE5E8 /* Info.plist */ = {isa = PBXFileReference; lastKnownFileType = text.plist.xml; path = Info.plist; sourceTree = "<group>"; };
		490F5D1C2434695E003AE5E8 /* RoundedButton.swift */ = {isa = PBXFileReference; fileEncoding = 4; lastKnownFileType = sourcecode.swift; path = RoundedButton.swift; sourceTree = "<group>"; };
		490F5D1E243469B2003AE5E8 /* Constants.swift */ = {isa = PBXFileReference; fileEncoding = 4; lastKnownFileType = sourcecode.swift; path = Constants.swift; sourceTree = "<group>"; };
		490F5D212434FCAA003AE5E8 /* ImagePicker.swift */ = {isa = PBXFileReference; fileEncoding = 4; lastKnownFileType = sourcecode.swift; path = ImagePicker.swift; sourceTree = "<group>"; };
		490F5D2324350F3A003AE5E8 /* ImageTableViewCell.swift */ = {isa = PBXFileReference; fileEncoding = 4; lastKnownFileType = sourcecode.swift; path = ImageTableViewCell.swift; sourceTree = "<group>"; };
		490F5D262435140E003AE5E8 /* UIImage+Extension.swift */ = {isa = PBXFileReference; lastKnownFileType = sourcecode.swift; path = "UIImage+Extension.swift"; sourceTree = "<group>"; };
		490F5D28243514CF003AE5E8 /* SceneDelegate.swift */ = {isa = PBXFileReference; fileEncoding = 4; lastKnownFileType = sourcecode.swift; path = SceneDelegate.swift; sourceTree = "<group>"; };
		490F5D2A24351939003AE5E8 /* UITableView+Ext.swift */ = {isa = PBXFileReference; lastKnownFileType = sourcecode.swift; path = "UITableView+Ext.swift"; sourceTree = "<group>"; };
		490F5D2D2435209D003AE5E8 /* VehicleDetector.mlmodel */ = {isa = PBXFileReference; lastKnownFileType = file.mlmodel; path = VehicleDetector.mlmodel; sourceTree = "<group>"; };
		490F5D2F243521EE003AE5E8 /* VehicleRecognizer.swift */ = {isa = PBXFileReference; lastKnownFileType = sourcecode.swift; path = VehicleRecognizer.swift; sourceTree = "<group>"; };
		490F5D3524353F2B003AE5E8 /* ImageCell.swift */ = {isa = PBXFileReference; lastKnownFileType = sourcecode.swift; path = ImageCell.swift; sourceTree = "<group>"; };
		490F5D3824354236003AE5E8 /* VehicleObject.swift */ = {isa = PBXFileReference; lastKnownFileType = sourcecode.swift; path = VehicleObject.swift; sourceTree = "<group>"; };
		490F5D3A2435697C003AE5E8 /* ThresholdProvider.swift */ = {isa = PBXFileReference; fileEncoding = 4; lastKnownFileType = sourcecode.swift; path = ThresholdProvider.swift; sourceTree = "<group>"; };
		490F5D3C24356A39003AE5E8 /* BoundingBoxes.swift */ = {isa = PBXFileReference; lastKnownFileType = sourcecode.swift; path = BoundingBoxes.swift; sourceTree = "<group>"; };
		490F5D3E2435808B003AE5E8 /* ImageView.swift */ = {isa = PBXFileReference; lastKnownFileType = sourcecode.swift; path = ImageView.swift; sourceTree = "<group>"; };
		490F5D4024359B8C003AE5E8 /* VideoCapture.swift */ = {isa = PBXFileReference; lastKnownFileType = sourcecode.swift; path = VideoCapture.swift; sourceTree = "<group>"; };
		490F5D422435A18A003AE5E8 /* BoundingBoxView.swift */ = {isa = PBXFileReference; lastKnownFileType = sourcecode.swift; path = BoundingBoxView.swift; sourceTree = "<group>"; };
/* End PBXFileReference section */

/* Begin PBXFrameworksBuildPhase section */
		490F5CFF24344CD2003AE5E8 /* Frameworks */ = {
			isa = PBXFrameworksBuildPhase;
			buildActionMask = 2147483647;
			files = (
			);
			runOnlyForDeploymentPostprocessing = 0;
		};
/* End PBXFrameworksBuildPhase section */

/* Begin PBXGroup section */
		490F5CF924344CD2003AE5E8 = {
			isa = PBXGroup;
			children = (
				490F5D0424344CD2003AE5E8 /* Vehicle Detector */,
				490F5D0324344CD2003AE5E8 /* Products */,
			);
			sourceTree = "<group>";
		};
		490F5D0324344CD2003AE5E8 /* Products */ = {
			isa = PBXGroup;
			children = (
				490F5D0224344CD2003AE5E8 /* Vehicle Detector.app */,
			);
			name = Products;
			sourceTree = "<group>";
		};
		490F5D0424344CD2003AE5E8 /* Vehicle Detector */ = {
			isa = PBXGroup;
			children = (
				490F5D3724354203003AE5E8 /* Model */,
				490F5D2C24352087003AE5E8 /* MLModels */,
				490F5D2524350F3F003AE5E8 /* Views */,
				490F5D202434FCA0003AE5E8 /* Controller */,
				490F5D1B243468EE003AE5E8 /* Extensions */,
				490F5D0524344CD2003AE5E8 /* AppDelegate.swift */,
				490F5D28243514CF003AE5E8 /* SceneDelegate.swift */,
				490F5D1E243469B2003AE5E8 /* Constants.swift */,
				490F5D0D24344CD2003AE5E8 /* Main.storyboard */,
				490F5D1024344CD6003AE5E8 /* Assets.xcassets */,
				490F5D1224344CD6003AE5E8 /* LaunchScreen.storyboard */,
				490F5D1524344CD6003AE5E8 /* Info.plist */,
			);
			path = "Vehicle Detector";
			sourceTree = "<group>";
		};
		490F5D1B243468EE003AE5E8 /* Extensions */ = {
			isa = PBXGroup;
			children = (
				490F5D1C2434695E003AE5E8 /* RoundedButton.swift */,
				490F5D262435140E003AE5E8 /* UIImage+Extension.swift */,
				490F5D2A24351939003AE5E8 /* UITableView+Ext.swift */,
			);
			path = Extensions;
			sourceTree = "<group>";
		};
		490F5D202434FCA0003AE5E8 /* Controller */ = {
			isa = PBXGroup;
			children = (
				490F5D212434FCAA003AE5E8 /* ImagePicker.swift */,
				490F5D2F243521EE003AE5E8 /* VehicleRecognizer.swift */,
				490F5D4024359B8C003AE5E8 /* VideoCapture.swift */,
			);
			path = Controller;
			sourceTree = "<group>";
		};
		490F5D2524350F3F003AE5E8 /* Views */ = {
			isa = PBXGroup;
			children = (
				490F5D0B24344CD2003AE5E8 /* ImageViewController.swift */,
				490F5D0924344CD2003AE5E8 /* ARViewController.swift */,
				490F5D2324350F3A003AE5E8 /* ImageTableViewCell.swift */,
				490F5D3524353F2B003AE5E8 /* ImageCell.swift */,
				490F5D3E2435808B003AE5E8 /* ImageView.swift */,
				490F5D422435A18A003AE5E8 /* BoundingBoxView.swift */,
			);
			path = Views;
			sourceTree = "<group>";
		};
		490F5D2C24352087003AE5E8 /* MLModels */ = {
			isa = PBXGroup;
			children = (
				490F5D2D2435209D003AE5E8 /* VehicleDetector.mlmodel */,
			);
			path = MLModels;
			sourceTree = "<group>";
		};
		490F5D3724354203003AE5E8 /* Model */ = {
			isa = PBXGroup;
			children = (
				490F5D3824354236003AE5E8 /* VehicleObject.swift */,
				490F5D3A2435697C003AE5E8 /* ThresholdProvider.swift */,
				490F5D3C24356A39003AE5E8 /* BoundingBoxes.swift */,
			);
			path = Model;
			sourceTree = "<group>";
		};
/* End PBXGroup section */

/* Begin PBXNativeTarget section */
		490F5D0124344CD2003AE5E8 /* Vehicle Detector */ = {
			isa = PBXNativeTarget;
			buildConfigurationList = 490F5D1824344CD6003AE5E8 /* Build configuration list for PBXNativeTarget "Vehicle Detector" */;
			buildPhases = (
				490F5CFE24344CD2003AE5E8 /* Sources */,
				490F5CFF24344CD2003AE5E8 /* Frameworks */,
				490F5D0024344CD2003AE5E8 /* Resources */,
			);
			buildRules = (
			);
			dependencies = (
			);
			name = "Vehicle Detector";
			productName = "Vehicle Detector";
			productReference = 490F5D0224344CD2003AE5E8 /* Vehicle Detector.app */;
			productType = "com.apple.product-type.application";
		};
/* End PBXNativeTarget section */

/* Begin PBXProject section */
		490F5CFA24344CD2003AE5E8 /* Project object */ = {
			isa = PBXProject;
			attributes = {
				LastSwiftUpdateCheck = 1140;
				LastUpgradeCheck = 1140;
				ORGANIZATIONNAME = "Andrew Balmer";
				TargetAttributes = {
					490F5D0124344CD2003AE5E8 = {
						CreatedOnToolsVersion = 11.4;
					};
				};
			};
			buildConfigurationList = 490F5CFD24344CD2003AE5E8 /* Build configuration list for PBXProject "Vehicle Detector" */;
			compatibilityVersion = "Xcode 11.4";
			developmentRegion = en;
			hasScannedForEncodings = 0;
			knownRegions = (
				en,
				Base,
			);
			mainGroup = 490F5CF924344CD2003AE5E8;
			productRefGroup = 490F5D0324344CD2003AE5E8 /* Products */;
			projectDirPath = "";
			projectRoot = "";
			targets = (
				490F5D0124344CD2003AE5E8 /* Vehicle Detector */,
			);
		};
/* End PBXProject section */

/* Begin PBXResourcesBuildPhase section */
		490F5D0024344CD2003AE5E8 /* Resources */ = {
			isa = PBXResourcesBuildPhase;
			buildActionMask = 2147483647;
			files = (
				490F5D1424344CD6003AE5E8 /* LaunchScreen.storyboard in Resources */,
				490F5D1124344CD6003AE5E8 /* Assets.xcassets in Resources */,
				490F5D0F24344CD2003AE5E8 /* Main.storyboard in Resources */,
			);
			runOnlyForDeploymentPostprocessing = 0;
		};
/* End PBXResourcesBuildPhase section */

/* Begin PBXSourcesBuildPhase section */
		490F5CFE24344CD2003AE5E8 /* Sources */ = {
			isa = PBXSourcesBuildPhase;
			buildActionMask = 2147483647;
			files = (
				490F5D2424350F3A003AE5E8 /* ImageTableViewCell.swift in Sources */,
				490F5D1F243469B2003AE5E8 /* Constants.swift in Sources */,
				490F5D29243514CF003AE5E8 /* SceneDelegate.swift in Sources */,
				490F5D3F2435808B003AE5E8 /* ImageView.swift in Sources */,
				490F5D4124359B8C003AE5E8 /* VideoCapture.swift in Sources */,
				490F5D3B2435697C003AE5E8 /* ThresholdProvider.swift in Sources */,
				490F5D0C24344CD2003AE5E8 /* ImageViewController.swift in Sources */,
				490F5D3D24356A39003AE5E8 /* BoundingBoxes.swift in Sources */,
				490F5D272435140E003AE5E8 /* UIImage+Extension.swift in Sources */,
				490F5D0A24344CD2003AE5E8 /* ARViewController.swift in Sources */,
				490F5D30243521EE003AE5E8 /* VehicleRecognizer.swift in Sources */,
				490F5D2E2435209D003AE5E8 /* VehicleDetector.mlmodel in Sources */,
				490F5D222434FCAA003AE5E8 /* ImagePicker.swift in Sources */,
				490F5D3924354236003AE5E8 /* VehicleObject.swift in Sources */,
				490F5D2B24351939003AE5E8 /* UITableView+Ext.swift in Sources */,
				490F5D0624344CD2003AE5E8 /* AppDelegate.swift in Sources */,
				490F5D1D2434695E003AE5E8 /* RoundedButton.swift in Sources */,
				490F5D3624353F2B003AE5E8 /* ImageCell.swift in Sources */,
				490F5D432435A18A003AE5E8 /* BoundingBoxView.swift in Sources */,
			);
			runOnlyForDeploymentPostprocessing = 0;
		};
/* End PBXSourcesBuildPhase section */

/* Begin PBXVariantGroup section */
		490F5D0D24344CD2003AE5E8 /* Main.storyboard */ = {
			isa = PBXVariantGroup;
			children = (
				490F5D0E24344CD2003AE5E8 /* Base */,
			);
			name = Main.storyboard;
			sourceTree = "<group>";
		};
		490F5D1224344CD6003AE5E8 /* LaunchScreen.storyboard */ = {
			isa = PBXVariantGroup;
			children = (
				490F5D1324344CD6003AE5E8 /* Base */,
			);
			name = LaunchScreen.storyboard;
			sourceTree = "<group>";
		};
/* End PBXVariantGroup section */

/* Begin XCBuildConfiguration section */
		490F5D1624344CD6003AE5E8 /* Debug */ = {
			isa = XCBuildConfiguration;
			buildSettings = {
				ALWAYS_SEARCH_USER_PATHS = NO;
				CLANG_ANALYZER_NONNULL = YES;
				CLANG_ANALYZER_NUMBER_OBJECT_CONVERSION = YES_AGGRESSIVE;
				CLANG_CXX_LANGUAGE_STANDARD = "gnu++14";
				CLANG_CXX_LIBRARY = "libc++";
				CLANG_ENABLE_MODULES = YES;
				CLANG_ENABLE_OBJC_ARC = YES;
				CLANG_ENABLE_OBJC_WEAK = YES;
				CLANG_WARN_BLOCK_CAPTURE_AUTORELEASING = YES;
				CLANG_WARN_BOOL_CONVERSION = YES;
				CLANG_WARN_COMMA = YES;
				CLANG_WARN_CONSTANT_CONVERSION = YES;
				CLANG_WARN_DEPRECATED_OBJC_IMPLEMENTATIONS = YES;
				CLANG_WARN_DIRECT_OBJC_ISA_USAGE = YES_ERROR;
				CLANG_WARN_DOCUMENTATION_COMMENTS = YES;
				CLANG_WARN_EMPTY_BODY = YES;
				CLANG_WARN_ENUM_CONVERSION = YES;
				CLANG_WARN_INFINITE_RECURSION = YES;
				CLANG_WARN_INT_CONVERSION = YES;
				CLANG_WARN_NON_LITERAL_NULL_CONVERSION = YES;
				CLANG_WARN_OBJC_IMPLICIT_RETAIN_SELF = YES;
				CLANG_WARN_OBJC_LITERAL_CONVERSION = YES;
				CLANG_WARN_OBJC_ROOT_CLASS = YES_ERROR;
				CLANG_WARN_RANGE_LOOP_ANALYSIS = YES;
				CLANG_WARN_STRICT_PROTOTYPES = YES;
				CLANG_WARN_SUSPICIOUS_MOVE = YES;
				CLANG_WARN_UNGUARDED_AVAILABILITY = YES_AGGRESSIVE;
				CLANG_WARN_UNREACHABLE_CODE = YES;
				CLANG_WARN__DUPLICATE_METHOD_MATCH = YES;
				COPY_PHASE_STRIP = NO;
				DEBUG_INFORMATION_FORMAT = dwarf;
				ENABLE_STRICT_OBJC_MSGSEND = YES;
				ENABLE_TESTABILITY = YES;
				GCC_C_LANGUAGE_STANDARD = gnu11;
				GCC_DYNAMIC_NO_PIC = NO;
				GCC_NO_COMMON_BLOCKS = YES;
				GCC_OPTIMIZATION_LEVEL = 0;
				GCC_PREPROCESSOR_DEFINITIONS = (
					"DEBUG=1",
					"$(inherited)",
				);
				GCC_WARN_64_TO_32_BIT_CONVERSION = YES;
				GCC_WARN_ABOUT_RETURN_TYPE = YES_ERROR;
				GCC_WARN_UNDECLARED_SELECTOR = YES;
				GCC_WARN_UNINITIALIZED_AUTOS = YES_AGGRESSIVE;
				GCC_WARN_UNUSED_FUNCTION = YES;
				GCC_WARN_UNUSED_VARIABLE = YES;
				IPHONEOS_DEPLOYMENT_TARGET = 13.4;
				MTL_ENABLE_DEBUG_INFO = INCLUDE_SOURCE;
				MTL_FAST_MATH = YES;
				ONLY_ACTIVE_ARCH = YES;
				SDKROOT = iphoneos;
				SWIFT_ACTIVE_COMPILATION_CONDITIONS = DEBUG;
				SWIFT_OPTIMIZATION_LEVEL = "-Onone";
			};
			name = Debug;
		};
		490F5D1724344CD6003AE5E8 /* Release */ = {
			isa = XCBuildConfiguration;
			buildSettings = {
				ALWAYS_SEARCH_USER_PATHS = NO;
				CLANG_ANALYZER_NONNULL = YES;
				CLANG_ANALYZER_NUMBER_OBJECT_CONVERSION = YES_AGGRESSIVE;
				CLANG_CXX_LANGUAGE_STANDARD = "gnu++14";
				CLANG_CXX_LIBRARY = "libc++";
				CLANG_ENABLE_MODULES = YES;
				CLANG_ENABLE_OBJC_ARC = YES;
				CLANG_ENABLE_OBJC_WEAK = YES;
				CLANG_WARN_BLOCK_CAPTURE_AUTORELEASING = YES;
				CLANG_WARN_BOOL_CONVERSION = YES;
				CLANG_WARN_COMMA = YES;
				CLANG_WARN_CONSTANT_CONVERSION = YES;
				CLANG_WARN_DEPRECATED_OBJC_IMPLEMENTATIONS = YES;
				CLANG_WARN_DIRECT_OBJC_ISA_USAGE = YES_ERROR;
				CLANG_WARN_DOCUMENTATION_COMMENTS = YES;
				CLANG_WARN_EMPTY_BODY = YES;
				CLANG_WARN_ENUM_CONVERSION = YES;
				CLANG_WARN_INFINITE_RECURSION = YES;
				CLANG_WARN_INT_CONVERSION = YES;
				CLANG_WARN_NON_LITERAL_NULL_CONVERSION = YES;
				CLANG_WARN_OBJC_IMPLICIT_RETAIN_SELF = YES;
				CLANG_WARN_OBJC_LITERAL_CONVERSION = YES;
				CLANG_WARN_OBJC_ROOT_CLASS = YES_ERROR;
				CLANG_WARN_RANGE_LOOP_ANALYSIS = YES;
				CLANG_WARN_STRICT_PROTOTYPES = YES;
				CLANG_WARN_SUSPICIOUS_MOVE = YES;
				CLANG_WARN_UNGUARDED_AVAILABILITY = YES_AGGRESSIVE;
				CLANG_WARN_UNREACHABLE_CODE = YES;
				CLANG_WARN__DUPLICATE_METHOD_MATCH = YES;
				COPY_PHASE_STRIP = NO;
				DEBUG_INFORMATION_FORMAT = "dwarf-with-dsym";
				ENABLE_NS_ASSERTIONS = NO;
				ENABLE_STRICT_OBJC_MSGSEND = YES;
				GCC_C_LANGUAGE_STANDARD = gnu11;
				GCC_NO_COMMON_BLOCKS = YES;
				GCC_WARN_64_TO_32_BIT_CONVERSION = YES;
				GCC_WARN_ABOUT_RETURN_TYPE = YES_ERROR;
				GCC_WARN_UNDECLARED_SELECTOR = YES;
				GCC_WARN_UNINITIALIZED_AUTOS = YES_AGGRESSIVE;
				GCC_WARN_UNUSED_FUNCTION = YES;
				GCC_WARN_UNUSED_VARIABLE = YES;
				IPHONEOS_DEPLOYMENT_TARGET = 13.4;
				MTL_ENABLE_DEBUG_INFO = NO;
				MTL_FAST_MATH = YES;
				SDKROOT = iphoneos;
				SWIFT_COMPILATION_MODE = wholemodule;
				SWIFT_OPTIMIZATION_LEVEL = "-O";
				VALIDATE_PRODUCT = YES;
			};
			name = Release;
		};
		490F5D1924344CD6003AE5E8 /* Debug */ = {
			isa = XCBuildConfiguration;
			buildSettings = {
				ASSETCATALOG_COMPILER_APPICON_NAME = AppIcon;
				CODE_SIGN_STYLE = Automatic;
				DEVELOPMENT_TEAM = 9Q58UXKHWN;
				INFOPLIST_FILE = "Vehicle Detector/Info.plist";
				LD_RUNPATH_SEARCH_PATHS = (
					"$(inherited)",
					"@executable_path/Frameworks",
				);
				PRODUCT_BUNDLE_IDENTIFIER = "com.example.Vehicle-Detector";
				PRODUCT_NAME = "$(TARGET_NAME)";
				SWIFT_VERSION = 5.0;
				TARGETED_DEVICE_FAMILY = 1;
			};
			name = Debug;
		};
		490F5D1A24344CD6003AE5E8 /* Release */ = {
			isa = XCBuildConfiguration;
			buildSettings = {
				ASSETCATALOG_COMPILER_APPICON_NAME = AppIcon;
				CODE_SIGN_STYLE = Automatic;
				DEVELOPMENT_TEAM = 9Q58UXKHWN;
				INFOPLIST_FILE = "Vehicle Detector/Info.plist";
				LD_RUNPATH_SEARCH_PATHS = (
					"$(inherited)",
					"@executable_path/Frameworks",
				);
				PRODUCT_BUNDLE_IDENTIFIER = "com.example.Vehicle-Detector";
				PRODUCT_NAME = "$(TARGET_NAME)";
				SWIFT_VERSION = 5.0;
				TARGETED_DEVICE_FAMILY = 1;
			};
			name = Release;
		};
/* End XCBuildConfiguration section */

/* Begin XCConfigurationList section */
		490F5CFD24344CD2003AE5E8 /* Build configuration list for PBXProject "Vehicle Detector" */ = {
			isa = XCConfigurationList;
			buildConfigurations = (
				490F5D1624344CD6003AE5E8 /* Debug */,
				490F5D1724344CD6003AE5E8 /* Release */,
			);
			defaultConfigurationIsVisible = 0;
			defaultConfigurationName = Release;
		};
		490F5D1824344CD6003AE5E8 /* Build configuration list for PBXNativeTarget "Vehicle Detector" */ = {
			isa = XCConfigurationList;
			buildConfigurations = (
				490F5D1924344CD6003AE5E8 /* Debug */,
				490F5D1A24344CD6003AE5E8 /* Release */,
			);
			defaultConfigurationIsVisible = 0;
			defaultConfigurationName = Release;
		};
/* End XCConfigurationList section */
	};
	rootObject = 490F5CFA24344CD2003AE5E8 /* Project object */;
}
